<?xml version="1.0" encoding="utf-8"?>
<Project ToolsVersion="4.0" xmlns="http://schemas.microsoft.com/developer/msbuild/2003">
  <ItemGroup>
    <Filter Include="Source Files">
      <UniqueIdentifier>{4FC737F1-C7A5-4376-A066-2A32D752A2FF}</UniqueIdentifier>
      <Extensions>cpp;c;cc;cxx;def;odl;idl;hpj;bat;asm;asmx</Extensions>
    </Filter>
    <Filter Include="Header Files">
      <UniqueIdentifier>{93995380-89BD-4b04-88EB-625FBE52EBFB}</UniqueIdentifier>
      <Extensions>h;hh;hpp;hxx;hm;inl;inc;ipp;xsd</Extensions>
    </Filter>
    <Filter Include="Resource Files">
      <UniqueIdentifier>{67DA6AB6-F800-4c08-8B7A-83BB121AAD01}</UniqueIdentifier>
      <Extensions>rc;ico;cur;bmp;dlg;rc2;rct;bin;rgs;gif;jpg;jpeg;jpe;resx;tiff;tif;png;wav;mfcribbon-ms</Extensions>
    </Filter>
    <Filter Include="Source Files\C++ Files">
      <UniqueIdentifier>{6fa9f7e6-57d2-4a98-84d1-1809fd0e2452}</UniqueIdentifier>
    </Filter>
    <Filter Include="Source Files\Shaders">
      <UniqueIdentifier>{e3c37634-3568-4de8-89ad-200088cd0556}</UniqueIdentifier>
    </Filter>
    <Filter Include="Source Files\Objects">
      <UniqueIdentifier>{942af0e3-e904-4a08-afbf-7cf39b977256}</UniqueIdentifier>
    </Filter>
    <Filter Include="Resource Files\Objects">
      <UniqueIdentifier>{933a8675-0373-4dea-bff7-c7e6832f0116}</UniqueIdentifier>
    </Filter>
  </ItemGroup>
  <ItemGroup>
    <ClCompile Include="assignment2.cpp">
      <Filter>Source Files\C++ Files</Filter>
    </ClCompile>
    <ClCompile Include="..\..\common\wrapper_glfw.cpp">
      <Filter>Source Files\C++ Files</Filter>
    </ClCompile>
    <ClCompile Include="..\..\common\tetrahedron.cpp">
      <Filter>Source Files\Objects</Filter>
    </ClCompile>
    <ClCompile Include="..\..\common\sphere_tex.cpp">
      <Filter>Source Files\Objects</Filter>
    </ClCompile>
    <ClCompile Include="..\..\common\tiny_loader_texture.cpp">
      <Filter>Source Files\C++ Files</Filter>
    </ClCompile>
    <ClCompile Include="..\..\common\terrain_object.cpp">
      <Filter>Source Files\C++ Files</Filter>
    </ClCompile>
    <ClCompile Include="ltree.cpp">
      <Filter>Source Files\C++ Files</Filter>
    </ClCompile>
  </ItemGroup>
  <ItemGroup>
    <None Include="..\..\shaders\assignment2.vert">
      <Filter>Source Files\Shaders</Filter>
    </None>
    <None Include="..\..\shaders\assignment2_cook_torrance.frag">
      <Filter>Source Files\Shaders</Filter>
    </None>
    <None Include="..\..\shaders\assignment2_cook_torrance.vert">
      <Filter>Source Files\Shaders</Filter>
    </None>
    <None Include="..\..\shaders\assignment2_oren_nayar.frag">
      <Filter>Source Files\Shaders</Filter>
    </None>
    <None Include="..\..\shaders\assignment2_phong.frag">
      <Filter>Source Files\Shaders</Filter>
    </None>
  </ItemGroup>
  <ItemGroup>
    <ClInclude Include="..\..\common\tiny_loader_texture.h">
      <Filter>Source Files\C++ Files</Filter>
    </ClInclude>
    <ClInclude Include="..\..\common\tiny_obj_loader.h">
      <Filter>Source Files\C++ Files</Filter>
    </ClInclude>
  </ItemGroup>
</Project>